
Microsoft Visual Studio Solution File, Format Version 12.00
# Visual Studio Version 16
VisualStudioVersion = 16.0.30907.101
MinimumVisualStudioVersion = 10.0.40219.1
Project("{FAE04EC0-301F-11D3-BF4B-00C04F79EFBC}") = "Project Charlie", "Project Charlie\Project Charlie.csproj", "{D35FC8D5-F50B-4D48-A45F-D8D6D9BB4BB0}"
EndProject
Global
	GlobalSection(SolutionConfigurationPlatforms) = preSolution
		Debug|Any CPU = Debug|Any CPU
		Release|Any CPU = Release|Any CPU
	EndGlobalSection
	GlobalSection(ProjectConfigurationPlatforms) = postSolution
		{D35FC8D5-F50B-4D48-A45F-D8D6D9BB4BB0}.Debug|Any CPU.ActiveCfg = Debug|Any CPU
		{D35FC8D5-F50B-4D48-A45F-D8D6D9BB4BB0}.Debug|Any CPU.Build.0 = Debug|Any CPU
		{D35FC8D5-F50B-4D48-A45F-D8D6D9BB4BB0}.Release|Any CPU.ActiveCfg = Release|Any CPU
		{D35FC8D5-F50B-4D48-A45F-D8D6D9BB4BB0}.Release|Any CPU.Build.0 = Release|Any CPU
	EndGlobalSection
	GlobalSection(SolutionProperties) = preSolution
		HideSolutionNode = FALSE
	EndGlobalSection
	GlobalSection(ExtensibilityGlobals) = postSolution
		SolutionGuid = {A8457EC5-8EA9-40F3-8F54-0F1B661656F4}
	EndGlobalSection
EndGlobal
